
Microsoft Visual Studio Solution File, Format Version 12.00
# Visual Studio 15
VisualStudioVersion = 15.0.27130.2027
MinimumVisualStudioVersion = 10.0.40219.1
Project("{FAE04EC0-301F-11D3-BF4B-00C04F79EFBC}") = "ColorCodeCalculator", "ColorCodeCalculator\ColorCodeCalculator.csproj", "{78ED9E76-34E4-4385-8C91-FCCFFBFBA261}"
EndProject
Project("{FAE04EC0-301F-11D3-BF4B-00C04F79EFBC}") = "WebResistanceCalculator", "WebResistanceCalculator\WebResistanceCalculator.csproj", "{A0767151-E88B-4241-9AE7-1BC3F12CFC8C}"
EndProject
Project("{FAE04EC0-301F-11D3-BF4B-00C04F79EFBC}") = "WebResistanceCalculator.Tests", "WebResistanceCalculator.Tests\WebResistanceCalculator.Tests.csproj", "{CE69891C-89D9-4C1C-8EAD-F37756FC8DBF}"
EndProject
Global
	GlobalSection(SolutionConfigurationPlatforms) = preSolution
		Debug|Any CPU = Debug|Any CPU
		Release|Any CPU = Release|Any CPU
	EndGlobalSection
	GlobalSection(ProjectConfigurationPlatforms) = postSolution
		{78ED9E76-34E4-4385-8C91-FCCFFBFBA261}.Debug|Any CPU.ActiveCfg = Debug|Any CPU
		{78ED9E76-34E4-4385-8C91-FCCFFBFBA261}.Debug|Any CPU.Build.0 = Debug|Any CPU
		{78ED9E76-34E4-4385-8C91-FCCFFBFBA261}.Release|Any CPU.ActiveCfg = Release|Any CPU
		{78ED9E76-34E4-4385-8C91-FCCFFBFBA261}.Release|Any CPU.Build.0 = Release|Any CPU
		{A0767151-E88B-4241-9AE7-1BC3F12CFC8C}.Debug|Any CPU.ActiveCfg = Debug|Any CPU
		{A0767151-E88B-4241-9AE7-1BC3F12CFC8C}.Debug|Any CPU.Build.0 = Debug|Any CPU
		{A0767151-E88B-4241-9AE7-1BC3F12CFC8C}.Release|Any CPU.ActiveCfg = Release|Any CPU
		{A0767151-E88B-4241-9AE7-1BC3F12CFC8C}.Release|Any CPU.Build.0 = Release|Any CPU
		{CE69891C-89D9-4C1C-8EAD-F37756FC8DBF}.Debug|Any CPU.ActiveCfg = Debug|Any CPU
		{CE69891C-89D9-4C1C-8EAD-F37756FC8DBF}.Debug|Any CPU.Build.0 = Debug|Any CPU
		{CE69891C-89D9-4C1C-8EAD-F37756FC8DBF}.Release|Any CPU.ActiveCfg = Release|Any CPU
		{CE69891C-89D9-4C1C-8EAD-F37756FC8DBF}.Release|Any CPU.Build.0 = Release|Any CPU
	EndGlobalSection
	GlobalSection(SolutionProperties) = preSolution
		HideSolutionNode = FALSE
	EndGlobalSection
	GlobalSection(ExtensibilityGlobals) = postSolution
		SolutionGuid = {24FF474D-3572-453A-B6FD-940A9DE81826}
	EndGlobalSection
EndGlobal
